
Microsoft Visual Studio Solution File, Format Version 12.00
# Visual Studio Version 17
VisualStudioVersion = 17.5.33424.131
MinimumVisualStudioVersion = 10.0.40219.1
Project("{2150E333-8FDC-42A3-9474-1A3956D46DE8}") = "src", "src", "{73E34E5E-9618-4CD7-89FB-6A008FE8A399}"
EndProject
Project("{2150E333-8FDC-42A3-9474-1A3956D46DE8}") = "BuildingBlocks", "BuildingBlocks", "{BD5CBD46-0990-445B-AC13-D313E0BDB224}"
EndProject
Project("{2150E333-8FDC-42A3-9474-1A3956D46DE8}") = "Services", "Services", "{60E1528C-27E2-4F15-B6D8-49571CA191F7}"
EndProject
Project("{2150E333-8FDC-42A3-9474-1A3956D46DE8}") = "ContactService", "ContactService", "{1CAF362B-5EC1-4D21-9C5B-7F787406EB36}"
EndProject
Project("{2150E333-8FDC-42A3-9474-1A3956D46DE8}") = "ReportService", "ReportService", "{F5FDA12B-4A90-4495-BEA6-661F8877503A}"
EndProject
Project("{2150E333-8FDC-42A3-9474-1A3956D46DE8}") = "EventBus", "EventBus", "{6F1764ED-0804-4C2F-A380-7775131AE057}"
EndProject
Project("{9A19103F-16F7-4668-BE54-9A1E7A4F7556}") = "ContactService.Api", "src\Services\ContactService\ContactService.Api\ContactService.Api.csproj", "{6E1C4E47-5C9A-4277-9871-04703EE1D62C}"
EndProject
Project("{9A19103F-16F7-4668-BE54-9A1E7A4F7556}") = "ReportService.Api", "src\Services\ReportService\ReportService.Api\ReportService.Api.csproj", "{4BED5D7A-0328-4DDC-8700-6C9FF5183658}"
EndProject
Project("{9A19103F-16F7-4668-BE54-9A1E7A4F7556}") = "EventBus.Base", "src\BuildingBlocks\EventBus\EventBus.Base\EventBus.Base.csproj", "{AF62D248-86C9-4D4A-A406-FAC9DDF7AF40}"
EndProject
Project("{2150E333-8FDC-42A3-9474-1A3956D46DE8}") = "Tests", "Tests", "{6433CF7B-BE8A-4B6E-BB9F-62E4D1E1D9D3}"
EndProject
Project("{2150E333-8FDC-42A3-9474-1A3956D46DE8}") = "Core", "Core", "{AF27869F-E06D-47DB-870C-2100375C3A39}"
EndProject
Project("{9A19103F-16F7-4668-BE54-9A1E7A4F7556}") = "ContactService.Domain", "src\Services\ContactService\Core\ContactService.Domain\ContactService.Domain.csproj", "{48F714F8-972C-46CB-85AA-9D42C50154A2}"
EndProject
Project("{9A19103F-16F7-4668-BE54-9A1E7A4F7556}") = "ContactService.Application", "src\Services\ContactService\Core\ContactService.Application\ContactService.Application.csproj", "{241A199B-9203-4FA5-85F9-F050AEBE2762}"
EndProject
Project("{2150E333-8FDC-42A3-9474-1A3956D46DE8}") = "Infrastructure", "Infrastructure", "{A86EAA59-39D6-4938-9F0E-201B55FBAAF8}"
EndProject
Project("{9A19103F-16F7-4668-BE54-9A1E7A4F7556}") = "ContactService.Persistence", "src\Services\ContactService\Infrastructure\ContactService.Persistence\ContactService.Persistence.csproj", "{7FFDB432-8DB8-4187-AD5C-B6B501758975}"
EndProject
Project("{2150E333-8FDC-42A3-9474-1A3956D46DE8}") = "Presentations", "Presentations", "{0E4B6B23-724D-45AD-82FB-75A15C63E590}"
EndProject
Project("{9A19103F-16F7-4668-BE54-9A1E7A4F7556}") = "ContactService.Infrastructure", "src\Services\ContactService\Infrastructure\ContactService.Infrastructure\ContactService.Infrastructure.csproj", "{6D68A03B-8D81-4D2A-A689-8C309D6A5D81}"
EndProject
Project("{9A19103F-16F7-4668-BE54-9A1E7A4F7556}") = "ContactService.Application.UnitTest", "src\Services\ContactService\Tests\ContactService.Application.UnitTest\ContactService.Application.UnitTest.csproj", "{C6624019-C74C-47B8-9F40-F603CAC41653}"
EndProject
Project("{9A19103F-16F7-4668-BE54-9A1E7A4F7556}") = "ContactService.Api.UnitTest", "src\Services\ContactService\Tests\ContactService.Api.UnitTest\ContactService.Api.UnitTest.csproj", "{EC5FF878-8E9D-4024-92FE-E4C7693C1898}"
EndProject
Project("{9A19103F-16F7-4668-BE54-9A1E7A4F7556}") = "ContactService.Persistence.UnitTest", "src\Services\ContactService\Tests\ContactService.Persistence.UnitTest\ContactService.Persistence.UnitTest.csproj", "{DD3BBA20-3258-4B50-AB7D-BCAB28F32DE4}"
EndProject
Project("{FAE04EC0-301F-11D3-BF4B-00C04F79EFBC}") = "ContactService.Grpc", "src\Services\ContactService\Presentations\ContactService.Grpc\ContactService.Grpc.csproj", "{D0DC4B88-FB5A-4F3B-9392-0954457BCC11}"
EndProject
Global
	GlobalSection(SolutionConfigurationPlatforms) = preSolution
		Debug|Any CPU = Debug|Any CPU
		Release|Any CPU = Release|Any CPU
	EndGlobalSection
	GlobalSection(ProjectConfigurationPlatforms) = postSolution
		{6E1C4E47-5C9A-4277-9871-04703EE1D62C}.Debug|Any CPU.ActiveCfg = Debug|Any CPU
		{6E1C4E47-5C9A-4277-9871-04703EE1D62C}.Debug|Any CPU.Build.0 = Debug|Any CPU
		{6E1C4E47-5C9A-4277-9871-04703EE1D62C}.Release|Any CPU.ActiveCfg = Release|Any CPU
		{6E1C4E47-5C9A-4277-9871-04703EE1D62C}.Release|Any CPU.Build.0 = Release|Any CPU
		{4BED5D7A-0328-4DDC-8700-6C9FF5183658}.Debug|Any CPU.ActiveCfg = Debug|Any CPU
		{4BED5D7A-0328-4DDC-8700-6C9FF5183658}.Debug|Any CPU.Build.0 = Debug|Any CPU
		{4BED5D7A-0328-4DDC-8700-6C9FF5183658}.Release|Any CPU.ActiveCfg = Release|Any CPU
		{4BED5D7A-0328-4DDC-8700-6C9FF5183658}.Release|Any CPU.Build.0 = Release|Any CPU
		{AF62D248-86C9-4D4A-A406-FAC9DDF7AF40}.Debug|Any CPU.ActiveCfg = Debug|Any CPU
		{AF62D248-86C9-4D4A-A406-FAC9DDF7AF40}.Debug|Any CPU.Build.0 = Debug|Any CPU
		{AF62D248-86C9-4D4A-A406-FAC9DDF7AF40}.Release|Any CPU.ActiveCfg = Release|Any CPU
		{AF62D248-86C9-4D4A-A406-FAC9DDF7AF40}.Release|Any CPU.Build.0 = Release|Any CPU
		{48F714F8-972C-46CB-85AA-9D42C50154A2}.Debug|Any CPU.ActiveCfg = Debug|Any CPU
		{48F714F8-972C-46CB-85AA-9D42C50154A2}.Debug|Any CPU.Build.0 = Debug|Any CPU
		{48F714F8-972C-46CB-85AA-9D42C50154A2}.Release|Any CPU.ActiveCfg = Release|Any CPU
		{48F714F8-972C-46CB-85AA-9D42C50154A2}.Release|Any CPU.Build.0 = Release|Any CPU
		{241A199B-9203-4FA5-85F9-F050AEBE2762}.Debug|Any CPU.ActiveCfg = Debug|Any CPU
		{241A199B-9203-4FA5-85F9-F050AEBE2762}.Debug|Any CPU.Build.0 = Debug|Any CPU
		{241A199B-9203-4FA5-85F9-F050AEBE2762}.Release|Any CPU.ActiveCfg = Release|Any CPU
		{241A199B-9203-4FA5-85F9-F050AEBE2762}.Release|Any CPU.Build.0 = Release|Any CPU
		{7FFDB432-8DB8-4187-AD5C-B6B501758975}.Debug|Any CPU.ActiveCfg = Debug|Any CPU
		{7FFDB432-8DB8-4187-AD5C-B6B501758975}.Debug|Any CPU.Build.0 = Debug|Any CPU
		{7FFDB432-8DB8-4187-AD5C-B6B501758975}.Release|Any CPU.ActiveCfg = Release|Any CPU
		{7FFDB432-8DB8-4187-AD5C-B6B501758975}.Release|Any CPU.Build.0 = Release|Any CPU
		{6D68A03B-8D81-4D2A-A689-8C309D6A5D81}.Debug|Any CPU.ActiveCfg = Debug|Any CPU
		{6D68A03B-8D81-4D2A-A689-8C309D6A5D81}.Debug|Any CPU.Build.0 = Debug|Any CPU
		{6D68A03B-8D81-4D2A-A689-8C309D6A5D81}.Release|Any CPU.ActiveCfg = Release|Any CPU
		{6D68A03B-8D81-4D2A-A689-8C309D6A5D81}.Release|Any CPU.Build.0 = Release|Any CPU
		{C6624019-C74C-47B8-9F40-F603CAC41653}.Debug|Any CPU.ActiveCfg = Debug|Any CPU
		{C6624019-C74C-47B8-9F40-F603CAC41653}.Debug|Any CPU.Build.0 = Debug|Any CPU
		{C6624019-C74C-47B8-9F40-F603CAC41653}.Release|Any CPU.ActiveCfg = Release|Any CPU
		{C6624019-C74C-47B8-9F40-F603CAC41653}.Release|Any CPU.Build.0 = Release|Any CPU
		{EC5FF878-8E9D-4024-92FE-E4C7693C1898}.Debug|Any CPU.ActiveCfg = Debug|Any CPU
		{EC5FF878-8E9D-4024-92FE-E4C7693C1898}.Debug|Any CPU.Build.0 = Debug|Any CPU
		{EC5FF878-8E9D-4024-92FE-E4C7693C1898}.Release|Any CPU.ActiveCfg = Release|Any CPU
		{EC5FF878-8E9D-4024-92FE-E4C7693C1898}.Release|Any CPU.Build.0 = Release|Any CPU
		{DD3BBA20-3258-4B50-AB7D-BCAB28F32DE4}.Debug|Any CPU.ActiveCfg = Debug|Any CPU
		{DD3BBA20-3258-4B50-AB7D-BCAB28F32DE4}.Debug|Any CPU.Build.0 = Debug|Any CPU
		{DD3BBA20-3258-4B50-AB7D-BCAB28F32DE4}.Release|Any CPU.ActiveCfg = Release|Any CPU
		{DD3BBA20-3258-4B50-AB7D-BCAB28F32DE4}.Release|Any CPU.Build.0 = Release|Any CPU
		{D0DC4B88-FB5A-4F3B-9392-0954457BCC11}.Debug|Any CPU.ActiveCfg = Debug|Any CPU
		{D0DC4B88-FB5A-4F3B-9392-0954457BCC11}.Debug|Any CPU.Build.0 = Debug|Any CPU
		{D0DC4B88-FB5A-4F3B-9392-0954457BCC11}.Release|Any CPU.ActiveCfg = Release|Any CPU
		{D0DC4B88-FB5A-4F3B-9392-0954457BCC11}.Release|Any CPU.Build.0 = Release|Any CPU
	EndGlobalSection
	GlobalSection(SolutionProperties) = preSolution
		HideSolutionNode = FALSE
	EndGlobalSection
	GlobalSection(NestedProjects) = preSolution
		{BD5CBD46-0990-445B-AC13-D313E0BDB224} = {73E34E5E-9618-4CD7-89FB-6A008FE8A399}
		{60E1528C-27E2-4F15-B6D8-49571CA191F7} = {73E34E5E-9618-4CD7-89FB-6A008FE8A399}
		{1CAF362B-5EC1-4D21-9C5B-7F787406EB36} = {60E1528C-27E2-4F15-B6D8-49571CA191F7}
		{F5FDA12B-4A90-4495-BEA6-661F8877503A} = {60E1528C-27E2-4F15-B6D8-49571CA191F7}
		{6F1764ED-0804-4C2F-A380-7775131AE057} = {BD5CBD46-0990-445B-AC13-D313E0BDB224}
		{6E1C4E47-5C9A-4277-9871-04703EE1D62C} = {0E4B6B23-724D-45AD-82FB-75A15C63E590}
		{4BED5D7A-0328-4DDC-8700-6C9FF5183658} = {F5FDA12B-4A90-4495-BEA6-661F8877503A}
		{AF62D248-86C9-4D4A-A406-FAC9DDF7AF40} = {6F1764ED-0804-4C2F-A380-7775131AE057}
		{6433CF7B-BE8A-4B6E-BB9F-62E4D1E1D9D3} = {1CAF362B-5EC1-4D21-9C5B-7F787406EB36}
		{AF27869F-E06D-47DB-870C-2100375C3A39} = {1CAF362B-5EC1-4D21-9C5B-7F787406EB36}
		{48F714F8-972C-46CB-85AA-9D42C50154A2} = {AF27869F-E06D-47DB-870C-2100375C3A39}
		{241A199B-9203-4FA5-85F9-F050AEBE2762} = {AF27869F-E06D-47DB-870C-2100375C3A39}
		{A86EAA59-39D6-4938-9F0E-201B55FBAAF8} = {1CAF362B-5EC1-4D21-9C5B-7F787406EB36}
		{7FFDB432-8DB8-4187-AD5C-B6B501758975} = {A86EAA59-39D6-4938-9F0E-201B55FBAAF8}
		{0E4B6B23-724D-45AD-82FB-75A15C63E590} = {1CAF362B-5EC1-4D21-9C5B-7F787406EB36}
		{6D68A03B-8D81-4D2A-A689-8C309D6A5D81} = {A86EAA59-39D6-4938-9F0E-201B55FBAAF8}
		{C6624019-C74C-47B8-9F40-F603CAC41653} = {6433CF7B-BE8A-4B6E-BB9F-62E4D1E1D9D3}
		{EC5FF878-8E9D-4024-92FE-E4C7693C1898} = {6433CF7B-BE8A-4B6E-BB9F-62E4D1E1D9D3}
		{DD3BBA20-3258-4B50-AB7D-BCAB28F32DE4} = {6433CF7B-BE8A-4B6E-BB9F-62E4D1E1D9D3}
		{D0DC4B88-FB5A-4F3B-9392-0954457BCC11} = {0E4B6B23-724D-45AD-82FB-75A15C63E590}
	EndGlobalSection
	GlobalSection(ExtensibilityGlobals) = postSolution
		SolutionGuid = {D47BABF7-AB3D-40A4-A20B-A58F14CA7CEF}
	EndGlobalSection
EndGlobal
